<?xml version="1.0" encoding="UTF-8"?>
<CONFIG>
  <ProjectOptions>
    <Version Value="11"/>
    <General>
      <Flags>
        <MainUnitHasUsesSectionForAllUnits Value="False"/>
        <MainUnitHasCreateFormStatements Value="False"/>
        <MainUnitHasTitleStatement Value="False"/>
        <MainUnitHasScaledStatement Value="False"/>
      </Flags>
      <SessionStorage Value="InProjectDir"/>
      <MainUnit Value="0"/>
      <Title Value="Decoherence"/>
      <UseAppBundle Value="False"/>
      <ResourceType Value="res"/>
      <Icon Value="0"/>
    </General>
    <VersionInfo>
      <UseVersionInfo Value="True"/>
      <AutoIncrementBuild Value="True"/>
      <BuildNr Value="2"/>
    </VersionInfo>
    <BuildModes Count="3">
      <Item1 Name="Default" Default="True"/>
      <Item2 Name="Debug">
        <CompilerOptions>
          <Version Value="11"/>
          <Target>
            <Filename Value="Decoherence"/>
          </Target>
          <SearchPaths>
            <IncludeFiles Value="$(ProjOutDir);src"/>
            <OtherUnitFiles Value="src;src/core;src/gui;src/text;src/generated"/>
            <UnitOutputDirectory Value="lib/$(TargetCPU)-$(TargetOS)"/>
          </SearchPaths>
          <Parsing>
            <SyntaxOptions>
              <IncludeAssertionCode Value="True"/>
              <AllowLabel Value="False"/>
            </SyntaxOptions>
          </Parsing>
          <CodeGeneration>
            <Checks>
              <IOChecks Value="True"/>
              <RangeChecks Value="True"/>
              <OverflowChecks Value="True"/>
              <StackChecks Value="True"/>
            </Checks>
            <VerifyObjMethodCallValidity Value="True"/>
          </CodeGeneration>
          <Linking>
            <Debugging>
              <DebugInfoType Value="dsDwarf2Set"/>
              <UseHeaptrc Value="True"/>
              <TrashVariables Value="True"/>
              <UseExternalDbgSyms Value="True"/>
            </Debugging>
          </Linking>
          <Other>
            <Verbosity>
              <ShoLineNum Value="True"/>
            </Verbosity>
            <CustomOptions Value="-dGAME -dDEBUG"/>
          </Other>
        </CompilerOptions>
      </Item2>
      <Item3 Name="Release">
        <CompilerOptions>
          <Version Value="11"/>
          <Target>
            <Filename Value="Decoherence"/>
          </Target>
          <SearchPaths>
            <IncludeFiles Value="$(ProjOutDir);src"/>
            <OtherUnitFiles Value="src;src/core;src/gui;src/text;src/generated"/>
            <UnitOutputDirectory Value="lib/$(TargetCPU)-$(TargetOS)"/>
          </SearchPaths>
          <Parsing>
            <SyntaxOptions>
              <AllowLabel Value="False"/>
            </SyntaxOptions>
          </Parsing>
          <CodeGeneration>
            <SmartLinkUnit Value="True"/>
            <Optimizations>
              <OptimizationLevel Value="3"/>
            </Optimizations>
          </CodeGeneration>
          <Linking>
            <Debugging>
              <GenerateDebugInfo Value="False"/>
            </Debugging>
            <LinkSmart Value="True"/>
          </Linking>
          <Other>
            <CustomOptions Value="-dGAME -dRELEASE"/>
          </Other>
        </CompilerOptions>
      </Item3>
    </BuildModes>
    <PublishOptions>
      <Version Value="2"/>
    </PublishOptions>
    <RunParams>
      <FormatVersion Value="2"/>
      <Modes Count="1">
        <Mode0 Name="default"/>
      </Modes>
    </RunParams>
    <RequiredPackages Count="2">
      <Item1>
        <PackageName Value="castle_window"/>
      </Item1>
      <Item2>
        <PackageName Value="castle_base"/>
      </Item2>
    </RequiredPackages>
    <Units Count="29">
      <Unit0>
        <Filename Value="Decoherence.lpr"/>
        <IsPartOfProject Value="True"/>
      </Unit0>
      <Unit1>
        <Filename Value="src/core/decomain.pas"/>
        <IsPartOfProject Value="True"/>
        <UnitName Value="DecoMain"/>
      </Unit1>
      <Unit2>
        <Filename Value="src/compilerconfig.inc"/>
        <IsPartOfProject Value="True"/>
      </Unit2>
      <Unit3>
        <Filename Value="src/core/decoglobal.pas"/>
        <IsPartOfProject Value="True"/>
        <UnitName Value="DecoGlobal"/>
      </Unit3>
      <Unit4>
        <Filename Value="src/core/decowindow.pas"/>
        <IsPartOfProject Value="True"/>
        <UnitName Value="DecoWindow"/>
      </Unit4>
      <Unit5>
        <Filename Value="src/core/decoinit.pas"/>
        <IsPartOfProject Value="True"/>
        <UnitName Value="DecoInit"/>
      </Unit5>
      <Unit6>
        <Filename Value="src/core/decolog.pas"/>
        <IsPartOfProject Value="True"/>
        <UnitName Value="DecoLog"/>
      </Unit6>
      <Unit7>
        <Filename Value="src/version.inc"/>
        <IsPartOfProject Value="True"/>
      </Unit7>
      <Unit8>
        <Filename Value="src/macro.inc"/>
        <IsPartOfProject Value="True"/>
      </Unit8>
      <Unit9>
        <Filename Value="src/core/decotime.pas"/>
        <IsPartOfProject Value="True"/>
        <UnitName Value="DecoTime"/>
      </Unit9>
      <Unit10>
        <Filename Value="src/gui/decoguiscale.pas"/>
        <IsPartOfProject Value="True"/>
        <UnitName Value="DecoGUIScale"/>
      </Unit10>
      <Unit11>
        <Filename Value="src/text/decotranslation.pas"/>
        <IsPartOfProject Value="True"/>
        <UnitName Value="DecoTranslation"/>
      </Unit11>
      <Unit12>
        <Filename Value="src/generated/decoloadembedded.image_data"/>
        <IsPartOfProject Value="True"/>
      </Unit12>
      <Unit13>
        <Filename Value="src/generated/decoloadembedded.pas"/>
        <IsPartOfProject Value="True"/>
      </Unit13>
      <Unit14>
        <Filename Value="src/gui/decoinput.pas"/>
        <IsPartOfProject Value="True"/>
        <UnitName Value="DecoInput"/>
      </Unit14>
      <Unit15>
        <Filename Value="src/gui/decoplayer.pas"/>
        <IsPartOfProject Value="True"/>
        <UnitName Value="DecoPlayer"/>
      </Unit15>
      <Unit16>
        <Filename Value="src/core/decomath.pas"/>
        <IsPartOfProject Value="True"/>
        <UnitName Value="DecoMath"/>
      </Unit16>
      <Unit17>
        <Filename Value="src/gui/decogui.pas"/>
        <IsPartOfProject Value="True"/>
        <UnitName Value="DecoGUI"/>
      </Unit17>
      <Unit18>
        <Filename Value="src/gui/decointerfacecore.pas"/>
        <IsPartOfProject Value="True"/>
        <UnitName Value="DecoInterfaceCore"/>
      </Unit18>
      <Unit19>
        <Filename Value="src/gui/decomousecursor.pas"/>
        <IsPartOfProject Value="True"/>
        <UnitName Value="DecoMouseCursor"/>
      </Unit19>
      <Unit20>
        <Filename Value="src/gui/decoimages.pas"/>
        <IsPartOfProject Value="True"/>
        <UnitName Value="DecoImages"/>
      </Unit20>
      <Unit21>
        <Filename Value="src/gui/decointerfacetimer.pas"/>
        <IsPartOfProject Value="True"/>
        <UnitName Value="DecoInterfaceTimer"/>
      </Unit21>
      <Unit22>
        <Filename Value="src/gui/decointerfacecontainer.pas"/>
        <IsPartOfProject Value="True"/>
        <UnitName Value="DecoInterfaceContainer"/>
      </Unit22>
      <Unit23>
        <Filename Value="src/gui/decointerfaceimages.pas"/>
        <IsPartOfProject Value="True"/>
        <UnitName Value="DecoInterfaceImages"/>
      </Unit23>
      <Unit24>
        <Filename Value="src/gui/decoimageloader.pas"/>
        <IsPartOfProject Value="True"/>
        <UnitName Value="DecoImageLoader"/>
      </Unit24>
      <Unit25>
        <Filename Value="src/core/decotrash.pas"/>
        <IsPartOfProject Value="True"/>
        <UnitName Value="DecoTrash"/>
      </Unit25>
      <Unit26>
        <Filename Value="src/gui/decoframes.pas"/>
        <IsPartOfProject Value="True"/>
        <UnitName Value="DecoFrames"/>
      </Unit26>
      <Unit27>
        <Filename Value="src/gui/decoburner.pas"/>
        <IsPartOfProject Value="True"/>
        <UnitName Value="DecoBurner"/>
      </Unit27>
      <Unit28>
        <Filename Value="src/gui/decointerfaceloader.pas"/>
        <IsPartOfProject Value="True"/>
        <UnitName Value="DecoInterfaceLoader"/>
      </Unit28>
    </Units>
  </ProjectOptions>
  <CompilerOptions>
    <Version Value="11"/>
    <Target>
      <Filename Value="Decoherence"/>
    </Target>
    <SearchPaths>
      <IncludeFiles Value="$(ProjOutDir);src"/>
      <OtherUnitFiles Value="src;src/core;src/gui;src/text;src/generated"/>
      <UnitOutputDirectory Value="lib/$(TargetCPU)-$(TargetOS)"/>
    </SearchPaths>
    <Parsing>
      <SyntaxOptions>
        <AllowLabel Value="False"/>
      </SyntaxOptions>
    </Parsing>
    <Other>
      <CustomOptions Value="-dGAME"/>
    </Other>
  </CompilerOptions>
  <Debugging>
    <Exceptions Count="3">
      <Item1>
        <Name Value="EAbort"/>
      </Item1>
      <Item2>
        <Name Value="ECodetoolError"/>
      </Item2>
      <Item3>
        <Name Value="EFOpenError"/>
      </Item3>
    </Exceptions>
  </Debugging>
</CONFIG>
