<?xml version="1.0" encoding="UTF-8"?>
<CONFIG>
  <ProjectOptions>
    <Version Value="10"/>
    <General>
      <Flags>
        <MainUnitHasUsesSectionForAllUnits Value="False"/>
        <MainUnitHasCreateFormStatements Value="False"/>
        <MainUnitHasTitleStatement Value="False"/>
      </Flags>
      <SessionStorage Value="InProjectDir"/>
      <MainUnit Value="0"/>
      <Title Value="decoherence_desktop"/>
      <UseAppBundle Value="False"/>
      <ResourceType Value="res"/>
    </General>
    <i18n>
      <EnableI18N LFM="False"/>
    </i18n>
    <VersionInfo>
      <UseVersionInfo Value="True"/>
      <AutoIncrementBuild Value="True"/>
      <MinorVersionNr Value="1"/>
      <BuildNr Value="26"/>
      <StringTable ProductVersion="0.0.0.0"/>
    </VersionInfo>
    <BuildModes Count="3">
      <Item1 Name="Default" Default="True"/>
      <Item2 Name="Debug">
        <CompilerOptions>
          <Version Value="11"/>
          <Target>
            <Filename Value="decoherence_desktop"/>
          </Target>
          <SearchPaths>
            <IncludeFiles Value="$(ProjOutDir);src"/>
            <OtherUnitFiles Value="src"/>
            <UnitOutputDirectory Value="lib/$(TargetCPU)-$(TargetOS)"/>
          </SearchPaths>
          <Parsing>
            <SyntaxOptions>
              <IncludeAssertionCode Value="True"/>
            </SyntaxOptions>
          </Parsing>
          <CodeGeneration>
            <Checks>
              <IOChecks Value="True"/>
              <RangeChecks Value="True"/>
              <OverflowChecks Value="True"/>
              <StackChecks Value="True"/>
            </Checks>
          </CodeGeneration>
          <Linking>
            <Debugging>
              <DebugInfoType Value="dsDwarf2Set"/>
              <UseHeaptrc Value="True"/>
              <UseExternalDbgSyms Value="True"/>
            </Debugging>
          </Linking>
          <Other>
            <CustomOptions Value="-dDEBUG"/>
          </Other>
        </CompilerOptions>
      </Item2>
      <Item3 Name="Release">
        <CompilerOptions>
          <Version Value="11"/>
          <Target>
            <Filename Value="decoherence_desktop"/>
          </Target>
          <SearchPaths>
            <IncludeFiles Value="$(ProjOutDir);src"/>
            <OtherUnitFiles Value="src"/>
            <UnitOutputDirectory Value="lib/$(TargetCPU)-$(TargetOS)"/>
          </SearchPaths>
          <CodeGeneration>
            <SmartLinkUnit Value="True"/>
            <Optimizations>
              <OptimizationLevel Value="3"/>
            </Optimizations>
          </CodeGeneration>
          <Linking>
            <Debugging>
              <GenerateDebugInfo Value="False"/>
            </Debugging>
            <LinkSmart Value="True"/>
          </Linking>
          <Other>
            <CustomOptions Value="-dRELEASE"/>
          </Other>
        </CompilerOptions>
      </Item3>
    </BuildModes>
    <PublishOptions>
      <Version Value="2"/>
    </PublishOptions>
    <RunParams>
      <local>
        <FormatVersion Value="1"/>
      </local>
    </RunParams>
    <RequiredPackages Count="2">
      <Item1>
        <PackageName Value="castle_window"/>
      </Item1>
      <Item2>
        <PackageName Value="castle_base"/>
      </Item2>
    </RequiredPackages>
    <Units Count="43">
      <Unit0>
        <Filename Value="decoherence_desktop.lpr"/>
        <IsPartOfProject Value="True"/>
      </Unit0>
      <Unit1>
        <Filename Value="src/decoglobal.pas"/>
        <IsPartOfProject Value="True"/>
        <UnitName Value="DecoGlobal"/>
      </Unit1>
      <Unit2>
        <Filename Value="src/decoherence.pas"/>
        <IsPartOfProject Value="True"/>
        <UnitName Value="Decoherence"/>
      </Unit2>
      <Unit3>
        <Filename Value="src/decointerface.pas"/>
        <IsPartOfProject Value="True"/>
        <UnitName Value="DecoInterface"/>
      </Unit3>
      <Unit4>
        <Filename Value="src/decoimages.pas"/>
        <IsPartOfProject Value="True"/>
        <UnitName Value="DecoImages"/>
      </Unit4>
      <Unit5>
        <Filename Value="src/decogui.pas"/>
        <IsPartOfProject Value="True"/>
        <UnitName Value="DecoGui"/>
      </Unit5>
      <Unit6>
        <Filename Value="src/decoloadscreen.pas"/>
        <IsPartOfProject Value="True"/>
        <UnitName Value="DecoLoadScreen"/>
      </Unit6>
      <Unit7>
        <Filename Value="src/decofont.pas"/>
        <IsPartOfProject Value="True"/>
        <UnitName Value="DecoFont"/>
      </Unit7>
      <Unit8>
        <Filename Value="src/decolabels.pas"/>
        <IsPartOfProject Value="True"/>
        <UnitName Value="DecoLabels"/>
      </Unit8>
      <Unit9>
        <Filename Value="src/decomouse.pas"/>
        <IsPartOfProject Value="True"/>
        <UnitName Value="DecoMouse"/>
      </Unit9>
      <Unit10>
        <Filename Value="src/decolevel.pas"/>
        <IsPartOfProject Value="True"/>
        <UnitName Value="DecoLevel"/>
      </Unit10>
      <Unit11>
        <Filename Value="src/decogamemode.pas"/>
        <IsPartOfProject Value="True"/>
        <UnitName Value="DecoGameMode"/>
      </Unit11>
      <Unit12>
        <Filename Value="src/decoactor.pas"/>
        <IsPartOfProject Value="True"/>
        <UnitName Value="DecoActor"/>
      </Unit12>
      <Unit13>
        <Filename Value="src/decointerfacecomposite.pas"/>
        <IsPartOfProject Value="True"/>
        <UnitName Value="DecoInterfaceComposite"/>
      </Unit13>
      <Unit14>
        <Filename Value="src/decointerfaceblocks.pas"/>
        <IsPartOfProject Value="True"/>
        <UnitName Value="DecoInterfaceBlocks"/>
      </Unit14>
      <Unit15>
        <Filename Value="src/decoplayercharacter.pas"/>
        <IsPartOfProject Value="True"/>
        <UnitName Value="DecoPlayerCharacter"/>
      </Unit15>
      <Unit16>
        <Filename Value="src/decoperks.pas"/>
        <IsPartOfProject Value="True"/>
        <UnitName Value="DecoPerks"/>
      </Unit16>
      <Unit17>
        <Filename Value="src/decostats.pas"/>
        <IsPartOfProject Value="True"/>
        <UnitName Value="DecoStats"/>
      </Unit17>
      <Unit18>
        <Filename Value="src/decoraceprofession.pas"/>
        <IsPartOfProject Value="True"/>
        <UnitName Value="DecoRaceProfession"/>
      </Unit18>
      <Unit19>
        <Filename Value="src/decoload3d.pas"/>
        <IsPartOfProject Value="True"/>
        <UnitName Value="DecoLoad3d"/>
      </Unit19>
      <Unit20>
        <Filename Value="src/decodungeontiles.pas"/>
        <IsPartOfProject Value="True"/>
      </Unit20>
      <Unit21>
        <Filename Value="src/decoabstractworld.pas"/>
        <IsPartOfProject Value="True"/>
        <UnitName Value="DecoAbstractWorld"/>
      </Unit21>
      <Unit22>
        <Filename Value="src/decodungeongenerator.pas"/>
        <IsPartOfProject Value="True"/>
        <UnitName Value="DecoDungeonGenerator"/>
      </Unit22>
      <Unit23>
        <Filename Value="src/decodungeongenerator_calculatefaces.inc"/>
        <IsPartOfProject Value="True"/>
      </Unit23>
      <Unit24>
        <Filename Value="src/decodungeonworld.pas"/>
        <IsPartOfProject Value="True"/>
        <UnitName Value="DecoDungeonWorld"/>
      </Unit24>
      <Unit25>
        <Filename Value="src/decoabstractgenerator.pas"/>
        <IsPartOfProject Value="True"/>
        <UnitName Value="DecoAbstractGenerator"/>
      </Unit25>
      <Unit26>
        <Filename Value="src/decothread.pas"/>
        <IsPartOfProject Value="True"/>
        <UnitName Value="DecoThread"/>
      </Unit26>
      <Unit27>
        <Filename Value="src/deconavigation.pas"/>
        <IsPartOfProject Value="True"/>
        <UnitName Value="DecoNavigation"/>
      </Unit27>
      <Unit28>
        <Filename Value="src/decoabstractworld3d.pas"/>
        <IsPartOfProject Value="True"/>
        <UnitName Value="DecoAbstractWorld3d"/>
      </Unit28>
      <Unit29>
        <Filename Value="src/deconodeparser.pas"/>
        <IsPartOfProject Value="True"/>
      </Unit29>
      <Unit30>
        <Filename Value="src/decoinputoutput.pas"/>
        <IsPartOfProject Value="True"/>
        <UnitName Value="DecoInputOutput"/>
      </Unit30>
      <Unit31>
        <Filename Value="src/decosound.pas"/>
        <IsPartOfProject Value="True"/>
        <UnitName Value="DecoSound"/>
      </Unit31>
      <Unit32>
        <Filename Value="src/decoloadembedded.pas"/>
        <IsPartOfProject Value="True"/>
      </Unit32>
      <Unit33>
        <Filename Value="src/decoloadembedded.image_data"/>
        <IsPartOfProject Value="True"/>
      </Unit33>
      <Unit34>
        <Filename Value="src/decothrash.pas"/>
        <IsPartOfProject Value="True"/>
      </Unit34>
      <Unit35>
        <Filename Value="src/deconavigationnetwork.pas"/>
        <IsPartOfProject Value="True"/>
        <UnitName Value="DecoNavigationNetwork"/>
      </Unit35>
      <Unit36>
        <Filename Value="src/decoactorbody.pas"/>
        <IsPartOfProject Value="True"/>
        <UnitName Value="DecoActorBody"/>
      </Unit36>
      <Unit37>
        <Filename Value="src/decotranslation.pas"/>
        <IsPartOfProject Value="True"/>
        <UnitName Value="DecoTranslation"/>
      </Unit37>
      <Unit38>
        <Filename Value="src/compilerconfig.inc"/>
        <IsPartOfProject Value="True"/>
      </Unit38>
      <Unit39>
        <Filename Value="src/decotime.pas"/>
        <IsPartOfProject Value="True"/>
        <UnitName Value="DecoTime"/>
      </Unit39>
      <Unit40>
        <Filename Value="src/version.inc"/>
        <IsPartOfProject Value="True"/>
      </Unit40>
      <Unit41>
        <Filename Value="src/decointerfaceloader.pas"/>
        <IsPartOfProject Value="True"/>
        <UnitName Value="DecoInterfaceLoader"/>
      </Unit41>
      <Unit42>
        <Filename Value="src/decoimageprocess.pas"/>
        <IsPartOfProject Value="True"/>
        <UnitName Value="DecoImageProcess"/>
      </Unit42>
    </Units>
  </ProjectOptions>
  <CompilerOptions>
    <Version Value="11"/>
    <Target>
      <Filename Value="decoherence_desktop"/>
    </Target>
    <SearchPaths>
      <IncludeFiles Value="$(ProjOutDir);src"/>
      <OtherUnitFiles Value="src"/>
      <UnitOutputDirectory Value="lib/$(TargetCPU)-$(TargetOS)"/>
    </SearchPaths>
    <Other>
      <OtherDefines Count="1">
        <Define0 Value="Debug"/>
      </OtherDefines>
    </Other>
  </CompilerOptions>
  <Debugging>
    <Exceptions Count="5">
      <Item1>
        <Name Value="EAbort"/>
      </Item1>
      <Item2>
        <Name Value="ECodetoolError"/>
      </Item2>
      <Item3>
        <Name Value="EFOpenError"/>
      </Item3>
      <Item4>
        <Name Value="EX3DNotFound"/>
      </Item4>
      <Item5>
        <Name Value="Unknown"/>
      </Item5>
    </Exceptions>
  </Debugging>
</CONFIG>
