<?xml version="1.0" encoding="UTF-8"?>
<CONFIG>
  <ProjectOptions>
    <Version Value="11"/>
    <General>
      <Flags>
        <MainUnitHasUsesSectionForAllUnits Value="False"/>
        <MainUnitHasCreateFormStatements Value="False"/>
        <MainUnitHasTitleStatement Value="False"/>
        <MainUnitHasScaledStatement Value="False"/>
      </Flags>
      <SessionStorage Value="InProjectDir"/>
      <MainUnit Value="0"/>
      <Title Value="Decoherence"/>
      <UseAppBundle Value="False"/>
      <ResourceType Value="res"/>
      <Icon Value="0"/>
    </General>
    <VersionInfo>
      <UseVersionInfo Value="True"/>
      <AutoIncrementBuild Value="True"/>
      <BuildNr Value="8"/>
    </VersionInfo>
    <BuildModes Count="3">
      <Item1 Name="Default" Default="True"/>
      <Item2 Name="Debug">
        <CompilerOptions>
          <Version Value="11"/>
          <Target>
            <Filename Value="Decoherence"/>
          </Target>
          <SearchPaths>
            <IncludeFiles Value="$(ProjOutDir);src"/>
            <OtherUnitFiles Value="src;src/core;src/gui;src/text;src/generated;src/input;src/player;src/readwrite;src/actor;src/world"/>
            <UnitOutputDirectory Value="lib/$(TargetCPU)-$(TargetOS)"/>
          </SearchPaths>
          <Parsing>
            <SyntaxOptions>
              <IncludeAssertionCode Value="True"/>
              <AllowLabel Value="False"/>
            </SyntaxOptions>
          </Parsing>
          <CodeGeneration>
            <Checks>
              <IOChecks Value="True"/>
              <RangeChecks Value="True"/>
              <OverflowChecks Value="True"/>
              <StackChecks Value="True"/>
            </Checks>
            <VerifyObjMethodCallValidity Value="True"/>
          </CodeGeneration>
          <Linking>
            <Debugging>
              <DebugInfoType Value="dsDwarf2Set"/>
              <UseHeaptrc Value="True"/>
              <TrashVariables Value="True"/>
              <UseExternalDbgSyms Value="True"/>
            </Debugging>
          </Linking>
          <Other>
            <Verbosity>
              <ShoLineNum Value="True"/>
            </Verbosity>
            <CompilerMessages>
              <IgnoredMessages idx5063="True"/>
            </CompilerMessages>
            <CustomOptions Value="-dGAME -dDEBUG"/>
          </Other>
        </CompilerOptions>
      </Item2>
      <Item3 Name="Release">
        <CompilerOptions>
          <Version Value="11"/>
          <Target>
            <Filename Value="Decoherence"/>
          </Target>
          <SearchPaths>
            <IncludeFiles Value="$(ProjOutDir);src"/>
            <OtherUnitFiles Value="src;src/core;src/gui;src/text;src/generated;src/input;src/player;src/readwrite;src/actor;src/world"/>
            <UnitOutputDirectory Value="lib/$(TargetCPU)-$(TargetOS)"/>
          </SearchPaths>
          <Parsing>
            <SyntaxOptions>
              <AllowLabel Value="False"/>
            </SyntaxOptions>
          </Parsing>
          <CodeGeneration>
            <SmartLinkUnit Value="True"/>
            <Optimizations>
              <OptimizationLevel Value="3"/>
            </Optimizations>
          </CodeGeneration>
          <Linking>
            <Debugging>
              <GenerateDebugInfo Value="False"/>
            </Debugging>
            <LinkSmart Value="True"/>
          </Linking>
          <Other>
            <CompilerMessages>
              <IgnoredMessages idx5063="True"/>
            </CompilerMessages>
            <CustomOptions Value="-dGAME -dRELEASE"/>
          </Other>
        </CompilerOptions>
      </Item3>
    </BuildModes>
    <PublishOptions>
      <Version Value="2"/>
    </PublishOptions>
    <RunParams>
      <FormatVersion Value="2"/>
      <Modes Count="1">
        <Mode0 Name="default"/>
      </Modes>
    </RunParams>
    <RequiredPackages Count="2">
      <Item1>
        <PackageName Value="castle_window"/>
      </Item1>
      <Item2>
        <PackageName Value="castle_base"/>
      </Item2>
    </RequiredPackages>
    <Units Count="52">
      <Unit0>
        <Filename Value="Decoherence.lpr"/>
        <IsPartOfProject Value="True"/>
      </Unit0>
      <Unit1>
        <Filename Value="src/core/decomain.pas"/>
        <IsPartOfProject Value="True"/>
        <UnitName Value="DecoMain"/>
      </Unit1>
      <Unit2>
        <Filename Value="src/compilerconfig.inc"/>
        <IsPartOfProject Value="True"/>
      </Unit2>
      <Unit3>
        <Filename Value="src/core/decoglobal.pas"/>
        <IsPartOfProject Value="True"/>
        <UnitName Value="DecoGlobal"/>
      </Unit3>
      <Unit4>
        <Filename Value="src/core/decowindow.pas"/>
        <IsPartOfProject Value="True"/>
        <UnitName Value="DecoWindow"/>
      </Unit4>
      <Unit5>
        <Filename Value="src/core/decoinit.pas"/>
        <IsPartOfProject Value="True"/>
        <UnitName Value="DecoInit"/>
      </Unit5>
      <Unit6>
        <Filename Value="src/core/decolog.pas"/>
        <IsPartOfProject Value="True"/>
        <UnitName Value="DecoLog"/>
      </Unit6>
      <Unit7>
        <Filename Value="src/version.inc"/>
        <IsPartOfProject Value="True"/>
      </Unit7>
      <Unit8>
        <Filename Value="src/macro.inc"/>
        <IsPartOfProject Value="True"/>
      </Unit8>
      <Unit9>
        <Filename Value="src/core/decotime.pas"/>
        <IsPartOfProject Value="True"/>
        <UnitName Value="DecoTime"/>
      </Unit9>
      <Unit10>
        <Filename Value="src/gui/decoguiscale.pas"/>
        <IsPartOfProject Value="True"/>
        <UnitName Value="DecoGUIScale"/>
      </Unit10>
      <Unit11>
        <Filename Value="src/text/decotranslation.pas"/>
        <IsPartOfProject Value="True"/>
        <UnitName Value="DecoTranslation"/>
      </Unit11>
      <Unit12>
        <Filename Value="src/generated/decoloadembedded.image_data"/>
        <IsPartOfProject Value="True"/>
      </Unit12>
      <Unit13>
        <Filename Value="src/generated/decoloadembedded.pas"/>
        <IsPartOfProject Value="True"/>
      </Unit13>
      <Unit14>
        <Filename Value="src/input/decoinput.pas"/>
        <IsPartOfProject Value="True"/>
        <UnitName Value="DecoInput"/>
      </Unit14>
      <Unit15>
        <Filename Value="src/core/decomath.pas"/>
        <IsPartOfProject Value="True"/>
        <UnitName Value="DecoMath"/>
      </Unit15>
      <Unit16>
        <Filename Value="src/gui/decogui.pas"/>
        <IsPartOfProject Value="True"/>
        <UnitName Value="DecoGUI"/>
      </Unit16>
      <Unit17>
        <Filename Value="src/gui/decointerfacecore.pas"/>
        <IsPartOfProject Value="True"/>
        <UnitName Value="DecoInterfaceCore"/>
      </Unit17>
      <Unit18>
        <Filename Value="src/gui/decomousecursor.pas"/>
        <IsPartOfProject Value="True"/>
        <UnitName Value="DecoMouseCursor"/>
      </Unit18>
      <Unit19>
        <Filename Value="src/gui/decoimages.pas"/>
        <IsPartOfProject Value="True"/>
        <UnitName Value="DecoImages"/>
      </Unit19>
      <Unit20>
        <Filename Value="src/gui/decointerfacetimer.pas"/>
        <IsPartOfProject Value="True"/>
        <UnitName Value="DecoInterfaceTimer"/>
      </Unit20>
      <Unit21>
        <Filename Value="src/gui/decointerfacecontainer.pas"/>
        <IsPartOfProject Value="True"/>
        <UnitName Value="DecoInterfaceContainer"/>
      </Unit21>
      <Unit22>
        <Filename Value="src/gui/decointerfaceimages.pas"/>
        <IsPartOfProject Value="True"/>
        <UnitName Value="DecoInterfaceImages"/>
      </Unit22>
      <Unit23>
        <Filename Value="src/gui/decoimageloader.pas"/>
        <IsPartOfProject Value="True"/>
        <UnitName Value="DecoImageLoader"/>
      </Unit23>
      <Unit24>
        <Filename Value="src/core/decotrash.pas"/>
        <IsPartOfProject Value="True"/>
        <UnitName Value="DecoTrash"/>
      </Unit24>
      <Unit25>
        <Filename Value="src/gui/decoframes.pas"/>
        <IsPartOfProject Value="True"/>
        <UnitName Value="DecoFrames"/>
      </Unit25>
      <Unit26>
        <Filename Value="src/gui/decoburner.pas"/>
        <IsPartOfProject Value="True"/>
        <UnitName Value="DecoBurner"/>
      </Unit26>
      <Unit27>
        <Filename Value="src/gui/decointerfaceloader.pas"/>
        <IsPartOfProject Value="True"/>
        <UnitName Value="DecoInterfaceLoader"/>
      </Unit27>
      <Unit28>
        <Filename Value="src/core/decogamemode.pas"/>
        <IsPartOfProject Value="True"/>
        <UnitName Value="DecoGameMode"/>
      </Unit28>
      <Unit29>
        <Filename Value="src/gui/decowind.pas"/>
        <IsPartOfProject Value="True"/>
        <UnitName Value="DecoWind"/>
      </Unit29>
      <Unit30>
        <Filename Value="src/gui/decointerfacebars.pas"/>
        <IsPartOfProject Value="True"/>
        <UnitName Value="DecoInterfaceBars"/>
      </Unit30>
      <Unit31>
        <Filename Value="src/gui/decointerfacearrangers.pas"/>
        <IsPartOfProject Value="True"/>
        <UnitName Value="DecoInterfaceArrangers"/>
      </Unit31>
      <Unit32>
        <Filename Value="src/gui/decofontencoding.pas"/>
        <IsPartOfProject Value="True"/>
        <UnitName Value="DecoFontEncoding"/>
      </Unit32>
      <Unit33>
        <Filename Value="src/gui/decofont.pas"/>
        <IsPartOfProject Value="True"/>
        <UnitName Value="DecoFont"/>
      </Unit33>
      <Unit34>
        <Filename Value="src/generated/castletexturefont_linbiolinumrg_16.pas"/>
        <IsPartOfProject Value="True"/>
        <UnitName Value="CastleTextureFont_LinBiolinumRG_16"/>
      </Unit34>
      <Unit35>
        <Filename Value="src/gui/decolabels.pas"/>
        <IsPartOfProject Value="True"/>
        <UnitName Value="DecoLabels"/>
      </Unit35>
      <Unit36>
        <Filename Value="src/readwrite/decohdd.pas"/>
        <IsPartOfProject Value="True"/>
        <UnitName Value="DecoHDD"/>
      </Unit36>
      <Unit37>
        <Filename Value="src/input/decokeyboard.pas"/>
        <IsPartOfProject Value="True"/>
        <UnitName Value="DecoKeyboard"/>
      </Unit37>
      <Unit38>
        <Filename Value="src/input/decokeyboardrecorder.pas"/>
        <IsPartOfProject Value="True"/>
        <UnitName Value="DecoKeyboardRecorder"/>
      </Unit38>
      <Unit39>
        <Filename Value="src/input/decomouse.pas"/>
        <IsPartOfProject Value="True"/>
        <UnitName Value="DecoMouse"/>
      </Unit39>
      <Unit40>
        <Filename Value="src/input/decopointerdeviceinput.pas"/>
        <IsPartOfProject Value="True"/>
        <UnitName Value="DecoPointerDeviceInput"/>
      </Unit40>
      <Unit41>
        <Filename Value="src/player/decocameraman.pas"/>
        <IsPartOfProject Value="True"/>
        <UnitName Value="DecoCameraMan"/>
      </Unit41>
      <Unit42>
        <Filename Value="src/player/decoplayer.pas"/>
        <IsPartOfProject Value="True"/>
        <UnitName Value="DecoPlayer"/>
      </Unit42>
      <Unit43>
        <Filename Value="src/readwrite/decofolders.pas"/>
        <IsPartOfProject Value="True"/>
        <UnitName Value="DecoFolders"/>
      </Unit43>
      <Unit44>
        <Filename Value="src/readwrite/decofiles.pas"/>
        <IsPartOfProject Value="True"/>
        <UnitName Value="DecoFiles"/>
      </Unit44>
      <Unit45>
        <Filename Value="src/core/decomathvectors.pas"/>
        <IsPartOfProject Value="True"/>
        <UnitName Value="DecoMathVectors"/>
      </Unit45>
      <Unit46>
        <Filename Value="src/gui/decoframedelement.pas"/>
        <IsPartOfProject Value="True"/>
        <UnitName Value="DecoFramedElement"/>
      </Unit46>
      <Unit47>
        <Filename Value="src/actor/decoactorstats.pas"/>
        <IsPartOfProject Value="True"/>
        <UnitName Value="DecoActorStats"/>
      </Unit47>
      <Unit48>
        <Filename Value="src/core/decogenerics.pas"/>
        <IsPartOfProject Value="True"/>
        <UnitName Value="DecoGenerics"/>
      </Unit48>
      <Unit49>
        <Filename Value="src/readwrite/decofontfile.pas"/>
        <IsPartOfProject Value="True"/>
        <UnitName Value="DecoFontFile"/>
      </Unit49>
      <Unit50>
        <Filename Value="src/actor/decobaseactor.pas"/>
        <IsPartOfProject Value="True"/>
        <UnitName Value="DecoBaseActor"/>
      </Unit50>
      <Unit51>
        <Filename Value="src/world/deconavigation.pas"/>
        <IsPartOfProject Value="True"/>
        <UnitName Value="DecoNavigation"/>
      </Unit51>
    </Units>
  </ProjectOptions>
  <CompilerOptions>
    <Version Value="11"/>
    <Target>
      <Filename Value="Decoherence"/>
    </Target>
    <SearchPaths>
      <IncludeFiles Value="$(ProjOutDir);src"/>
      <OtherUnitFiles Value="src;src/core;src/gui;src/text;src/generated;src/input;src/player;src/readwrite;src/actor;src/world"/>
      <UnitOutputDirectory Value="lib/$(TargetCPU)-$(TargetOS)"/>
    </SearchPaths>
    <Parsing>
      <SyntaxOptions>
        <AllowLabel Value="False"/>
      </SyntaxOptions>
    </Parsing>
    <Other>
      <CompilerMessages>
        <IgnoredMessages idx5063="True"/>
      </CompilerMessages>
      <CustomOptions Value="-dGAME"/>
    </Other>
  </CompilerOptions>
  <Debugging>
    <Exceptions Count="3">
      <Item1>
        <Name Value="EAbort"/>
      </Item1>
      <Item2>
        <Name Value="ECodetoolError"/>
      </Item2>
      <Item3>
        <Name Value="EFOpenError"/>
      </Item3>
    </Exceptions>
  </Debugging>
</CONFIG>
